{
  "name": "edgedb-js-mem-test",
  "version": "1.0.0",
  "lockfileVersion": 3,
  "requires": true,
  "packages": {
    "": {
      "name": "edgedb-js-mem-test",
      "version": "1.0.0",
      "license": "ISC",
      "dependencies": {
        "edgedb": "^1.5.7"
      },
      "devDependencies": {
        "@edgedb/generate": "^0.5.3"
      }
    },
    "node_modules/@edgedb/generate": {
      "version": "0.5.3",
      "resolved": "https://registry.npmjs.org/@edgedb/generate/-/generate-0.5.3.tgz",
      "integrity": "sha512-cOcCPmnmtCSD1ZwwmVZ/iIkwvtQk0loHrQIAMmFOUyfxN+nm3kff7MnmF44igPDc7D7aIwgpRo95qZqvIG+xgA==",
      "dev": true,
      "dependencies": {
        "@iarna/toml": "^2.2.5"
      },
      "bin": {
        "generate": "dist/cli.js"
      },
      "engines": {
        "node": ">= 18.0.0"
      },
      "peerDependencies": {
        "edgedb": "^1.5.0"
      }
    },
    "node_modules/@iarna/toml": {
      "version": "2.2.5",
      "resolved": "https://registry.npmjs.org/@iarna/toml/-/toml-2.2.5.tgz",
      "integrity": "sha512-trnsAYxU3xnS1gPHPyU961coFyLkh4gAD/0zQ5mymY4yOZ+CYvsPqUbOFSw0aDM4y0tV7tiFxL/1XfXPNC6IPg==",
      "dev": true
    },
    "node_modules/debug": {
      "version": "4.3.5",
      "resolved": "https://registry.npmjs.org/debug/-/debug-4.3.5.tgz",
      "integrity": "sha512-pt0bNEmneDIvdL1Xsd9oDQ/wrQRkXDT4AUWlNZNPKvW5x/jyO9VFXkJUP07vQ2upmw5PlaITaPKc31jK13V+jg==",
      "dependencies": {
        "ms": "2.1.2"
      },
      "engines": {
        "node": ">=6.0"
      },
      "peerDependenciesMeta": {
        "supports-color": {
          "optional": true
        }
      }
    },
    "node_modules/edgedb": {
      "version": "1.5.7",
      "resolved": "https://registry.npmjs.org/edgedb/-/edgedb-1.5.7.tgz",
      "integrity": "sha512-PlINnSnjPUaRxFKUaq+vfIIirdtN8RO3WrYwDEE9qz58MaX9ZlFnrX23AmJExZSKAsHnJUI33GofZWn9qN2G5Q==",
      "dependencies": {
        "debug": "^4.3.4",
        "env-paths": "^3.0.0",
        "semver": "^7.6.0",
        "shell-quote": "^1.8.1",
        "which": "^4.0.0"
      },
      "bin": {
        "edgedb": "dist/cli.mjs"
      },
      "engines": {
        "node": ">= 18.0.0"
      }
    },
    "node_modules/env-paths": {
      "version": "3.0.0",
      "resolved": "https://registry.npmjs.org/env-paths/-/env-paths-3.0.0.tgz",
      "integrity": "sha512-dtJUTepzMW3Lm/NPxRf3wP4642UWhjL2sQxc+ym2YMj1m/H2zDNQOlezafzkHwn6sMstjHTwG6iQQsctDW/b1A==",
      "engines": {
        "node": "^12.20.0 || ^14.13.1 || >=16.0.0"
      },
      "funding": {
        "url": "https://github.com/sponsors/sindresorhus"
      }
    },
    "node_modules/isexe": {
      "version": "3.1.1",
      "resolved": "https://registry.npmjs.org/isexe/-/isexe-3.1.1.tgz",
      "integrity": "sha512-LpB/54B+/2J5hqQ7imZHfdU31OlgQqx7ZicVlkm9kzg9/w8GKLEcFfJl/t7DCEDueOyBAD6zCCwTO6Fzs0NoEQ==",
      "engines": {
        "node": ">=16"
      }
    },
    "node_modules/ms": {
      "version": "2.1.2",
      "resolved": "https://registry.npmjs.org/ms/-/ms-2.1.2.tgz",
      "integrity": "sha512-sGkPx+VjMtmA6MX27oA4FBFELFCZZ4S4XqeGOXCv68tT+jb3vk/RyaKWP0PTKyWtmLSM0b+adUTEvbs1PEaH2w=="
    },
    "node_modules/semver": {
      "version": "7.6.2",
      "resolved": "https://registry.npmjs.org/semver/-/semver-7.6.2.tgz",
      "integrity": "sha512-FNAIBWCx9qcRhoHcgcJ0gvU7SN1lYU2ZXuSfl04bSC5OpvDHFyJCjdNHomPXxjQlCBU67YW64PzY7/VIEH7F2w==",
      "bin": {
        "semver": "bin/semver.js"
      },
      "engines": {
        "node": ">=10"
      }
    },
    "node_modules/shell-quote": {
      "version": "1.8.1",
      "resolved": "https://registry.npmjs.org/shell-quote/-/shell-quote-1.8.1.tgz",
      "integrity": "sha512-6j1W9l1iAs/4xYBI1SYOVZyFcCis9b4KCLQ8fgAGG07QvzaRLVVRQvAy85yNmmZSjYjg4MWh4gNvlPujU/5LpA==",
      "funding": {
        "url": "https://github.com/sponsors/ljharb"
      }
    },
    "node_modules/which": {
      "version": "4.0.0",
      "resolved": "https://registry.npmjs.org/which/-/which-4.0.0.tgz",
      "integrity": "sha512-GlaYyEb07DPxYCKhKzplCWBJtvxZcZMrL+4UkrTSJHHPyZU4mYYTv3qaOe77H7EODLSSopAUFAc6W8U4yqvscg==",
      "dependencies": {
        "isexe": "^3.1.1"
      },
      "bin": {
        "node-which": "bin/which.js"
      },
      "engines": {
        "node": "^16.13.0 || >=18.0.0"
      }
    }
  }
}
